
Microsoft Visual Studio Solution File, Format Version 12.00
# Visual Studio Version 16
VisualStudioVersion = 16.0.30517.126
MinimumVisualStudioVersion = 10.0.40219.1
Project("{9A19103F-16F7-4668-BE54-9A1E7A4F7556}") = "PetalVinyls.API", "PetalVinyls.API.csproj", "{94E49833-C2CF-4874-96AB-B160B6A62BD0}"
EndProject
Project("{9A19103F-16F7-4668-BE54-9A1E7A4F7556}") = "PetalVinyls.Tests", "..\PetalVinyls.Tests\PetalVinyls.Tests.csproj", "{EC48EA39-4F9C-42DA-9F45-2A80EF6F48D0}"
EndProject
Global
	GlobalSection(SolutionConfigurationPlatforms) = preSolution
		Debug|Any CPU = Debug|Any CPU
		Release|Any CPU = Release|Any CPU
	EndGlobalSection
	GlobalSection(ProjectConfigurationPlatforms) = postSolution
		{94E49833-C2CF-4874-96AB-B160B6A62BD0}.Debug|Any CPU.ActiveCfg = Debug|Any CPU
		{94E49833-C2CF-4874-96AB-B160B6A62BD0}.Debug|Any CPU.Build.0 = Debug|Any CPU
		{94E49833-C2CF-4874-96AB-B160B6A62BD0}.Release|Any CPU.ActiveCfg = Release|Any CPU
		{94E49833-C2CF-4874-96AB-B160B6A62BD0}.Release|Any CPU.Build.0 = Release|Any CPU
		{EC48EA39-4F9C-42DA-9F45-2A80EF6F48D0}.Debug|Any CPU.ActiveCfg = Debug|Any CPU
		{EC48EA39-4F9C-42DA-9F45-2A80EF6F48D0}.Debug|Any CPU.Build.0 = Debug|Any CPU
		{EC48EA39-4F9C-42DA-9F45-2A80EF6F48D0}.Release|Any CPU.ActiveCfg = Release|Any CPU
		{EC48EA39-4F9C-42DA-9F45-2A80EF6F48D0}.Release|Any CPU.Build.0 = Release|Any CPU
	EndGlobalSection
	GlobalSection(SolutionProperties) = preSolution
		HideSolutionNode = FALSE
	EndGlobalSection
	GlobalSection(ExtensibilityGlobals) = postSolution
		SolutionGuid = {B2E2CAB0-0F96-4A5F-BEE5-EC3224F2AD4A}
	EndGlobalSection
	GlobalSection(TeamFoundationVersionControl) = preSolution
		SccNumberOfProjects = 3
		SccEnterpriseProvider = {4CA58AB2-18FA-4F8D-95D4-32DDF27D184C}
		SccTeamFoundationServer = https://dev.azure.com/mxgaudreau
		SccProjectUniqueName0 = PetalVinyls.API.csproj
		SccLocalPath0 = .
		SccLocalPath1 = .
		SccProjectUniqueName2 = ..\\PetalVinyls.Tests\\PetalVinyls.Tests.csproj
		SccProjectName2 = ../PetalVinyls.Tests
		SccLocalPath2 = ..\\PetalVinyls.Tests
	EndGlobalSection
EndGlobal
